
Microsoft Visual Studio Solution File, Format Version 12.00
# Visual Studio Version 17
VisualStudioVersion = 17.4.33122.133
MinimumVisualStudioVersion = 10.0.40219.1
Project("{FAE04EC0-301F-11D3-BF4B-00C04F79EFBC}") = "MinimalApi", "MinimalApi\MinimalApi.csproj", "{AF2F2E21-96B9-46C7-803F-597D2F548570}"
EndProject
Global
	GlobalSection(SolutionConfigurationPlatforms) = preSolution
		Debug|Any CPU = Debug|Any CPU
		Release|Any CPU = Release|Any CPU
	EndGlobalSection
	GlobalSection(ProjectConfigurationPlatforms) = postSolution
		{AF2F2E21-96B9-46C7-803F-597D2F548570}.Debug|Any CPU.ActiveCfg = Debug|Any CPU
		{AF2F2E21-96B9-46C7-803F-597D2F548570}.Debug|Any CPU.Build.0 = Debug|Any CPU
		{AF2F2E21-96B9-46C7-803F-597D2F548570}.Release|Any CPU.ActiveCfg = Release|Any CPU
		{AF2F2E21-96B9-46C7-803F-597D2F548570}.Release|Any CPU.Build.0 = Release|Any CPU
	EndGlobalSection
	GlobalSection(SolutionProperties) = preSolution
		HideSolutionNode = FALSE
	EndGlobalSection
	GlobalSection(ExtensibilityGlobals) = postSolution
		SolutionGuid = {032B2F80-DC97-4ACC-9C32-C1667D6C8F09}
	EndGlobalSection
EndGlobal
